// !$*UTF8*$!
{
	archiveVersion = 1;
	classes = {
	};
	objectVersion = 52;
	objects = {

/* Begin PBXBuildFile section */
		0000321125130A85004681AF /* CategoryViewController.swift in Sources */ = {isa = PBXBuildFile; fileRef = 0000321025130A85004681AF /* CategoryViewController.swift */; };
		000D809D24ECEDBA0070041D /* EducationLevel.swift in Sources */ = {isa = PBXBuildFile; fileRef = 000D809C24ECEDBA0070041D /* EducationLevel.swift */; };
		000D80A024ECEE990070041D /* Ethnicity.swift in Sources */ = {isa = PBXBuildFile; fileRef = 000D809F24ECEE990070041D /* Ethnicity.swift */; };
		0020D54924DF79CB00DB20E1 /* GameStore.swift in Sources */ = {isa = PBXBuildFile; fileRef = 0020D54824DF79CB00DB20E1 /* GameStore.swift */; };
		0020D54B24DF7A0D00DB20E1 /* Game.swift in Sources */ = {isa = PBXBuildFile; fileRef = 0020D54A24DF7A0D00DB20E1 /* Game.swift */; };
		0020D55024DFAED000DB20E1 /* GameOfGroup.swift in Sources */ = {isa = PBXBuildFile; fileRef = 0020D54F24DFAED000DB20E1 /* GameOfGroup.swift */; };
		0020D56724E263C600DB20E1 /* MatchingViewController.swift in Sources */ = {isa = PBXBuildFile; fileRef = 0020D56624E263C600DB20E1 /* MatchingViewController.swift */; };
		0020D56A24E267B300DB20E1 /* GameCollectionCell.swift in Sources */ = {isa = PBXBuildFile; fileRef = 0020D56924E267B300DB20E1 /* GameCollectionCell.swift */; };
		003CD27A250EE08100BD082E /* JigsawPiece.swift in Sources */ = {isa = PBXBuildFile; fileRef = 003CD279250EE08100BD082E /* JigsawPiece.swift */; };
		003CD27C250EEC0D00BD082E /* AgeGroup.swift in Sources */ = {isa = PBXBuildFile; fileRef = 003CD27B250EEC0D00BD082E /* AgeGroup.swift */; };
		003CD27E250EF96B00BD082E /* CaseReverseInit.swift in Sources */ = {isa = PBXBuildFile; fileRef = 003CD27D250EF96B00BD082E /* CaseReverseInit.swift */; };
		0047630424ED10FE007767A5 /* QuestionEssentialProperty.swift in Sources */ = {isa = PBXBuildFile; fileRef = 0047630324ED10FE007767A5 /* QuestionEssentialProperty.swift */; };
		0047630624ED1154007767A5 /* GameCategory.swift in Sources */ = {isa = PBXBuildFile; fileRef = 0047630524ED1154007767A5 /* GameCategory.swift */; };
		004A4B0D24FDB55A000FA2C8 /* FormViewController+insetGrouped.swift in Sources */ = {isa = PBXBuildFile; fileRef = 004A4B0C24FDB55A000FA2C8 /* FormViewController+insetGrouped.swift */; };
		0051950F24E9CDD4008F1CE0 /* QuestionType.swift in Sources */ = {isa = PBXBuildFile; fileRef = 0051950E24E9CDD4008F1CE0 /* QuestionType.swift */; };
		005308CA25168A96002A429F /* ResearchKit.framework in Frameworks */ = {isa = PBXBuildFile; fileRef = 009D06822511F15B002E488F /* ResearchKit.framework */; };
		005308CB25168A96002A429F /* ResearchKit.framework in Embed Frameworks */ = {isa = PBXBuildFile; fileRef = 009D06822511F15B002E488F /* ResearchKit.framework */; settings = {ATTRIBUTES = (CodeSignOnCopy, RemoveHeadersOnCopy, ); }; };
		005308D125168D84002A429F /* FirebaseConstants.swift in Sources */ = {isa = PBXBuildFile; fileRef = 005308D025168D84002A429F /* FirebaseConstants.swift */; };
		005308E12516F65F002A429F /* GameError.swift in Sources */ = {isa = PBXBuildFile; fileRef = 005308E02516F65F002A429F /* GameError.swift */; };
		005856BC24D91C4A0010BE55 /* GoogleService-Info.plist in Resources */ = {isa = PBXBuildFile; fileRef = 005856BB24D91C4A0010BE55 /* GoogleService-Info.plist */; };
		005856BE24D923630010BE55 /* ChatViewController.swift in Sources */ = {isa = PBXBuildFile; fileRef = 005856BD24D923630010BE55 /* ChatViewController.swift */; };
		005856C024D924970010BE55 /* Message.swift in Sources */ = {isa = PBXBuildFile; fileRef = 005856BF24D924970010BE55 /* Message.swift */; };
		005856C224D9262C0010BE55 /* Profiles.swift in Sources */ = {isa = PBXBuildFile; fileRef = 005856C124D9262C0010BE55 /* Profiles.swift */; };
		005856C424D92CFB0010BE55 /* Chatroom.swift in Sources */ = {isa = PBXBuildFile; fileRef = 005856C324D92CFB0010BE55 /* Chatroom.swift */; };
		005856C624D92D320010BE55 /* DatabaseRepresentation.swift in Sources */ = {isa = PBXBuildFile; fileRef = 005856C524D92D320010BE55 /* DatabaseRepresentation.swift */; };
		005856C924D92E480010BE55 /* UIImage.swift in Sources */ = {isa = PBXBuildFile; fileRef = 005856C824D92E480010BE55 /* UIImage.swift */; };
		005856CE24D92FB60010BE55 /* ChatUser.swift in Sources */ = {isa = PBXBuildFile; fileRef = 005856CD24D92FB60010BE55 /* ChatUser.swift */; };
		006089B425368EF500430707 /* DoorCollectionCell.swift in Sources */ = {isa = PBXBuildFile; fileRef = 006089B325368EF500430707 /* DoorCollectionCell.swift */; };
		006EB0AD253C217B00FE5D8A /* ConfettiView.swift in Sources */ = {isa = PBXBuildFile; fileRef = 006EB0AC253C217B00FE5D8A /* ConfettiView.swift */; };
		0070DFEA24B0060400E71F46 /* AppDelegate.swift in Sources */ = {isa = PBXBuildFile; fileRef = 0070DFE924B0060400E71F46 /* AppDelegate.swift */; };
		0070DFEC24B0060400E71F46 /* SceneDelegate.swift in Sources */ = {isa = PBXBuildFile; fileRef = 0070DFEB24B0060400E71F46 /* SceneDelegate.swift */; };
		0070DFEE24B0060400E71F46 /* HomeCollectionViewController.swift in Sources */ = {isa = PBXBuildFile; fileRef = 0070DFED24B0060400E71F46 /* HomeCollectionViewController.swift */; };
		0070DFF124B0060400E71F46 /* Main.storyboard in Resources */ = {isa = PBXBuildFile; fileRef = 0070DFEF24B0060400E71F46 /* Main.storyboard */; };
		0070DFF324B0060500E71F46 /* Assets.xcassets in Resources */ = {isa = PBXBuildFile; fileRef = 0070DFF224B0060500E71F46 /* Assets.xcassets */; };
		0070DFF624B0060500E71F46 /* LaunchScreen.storyboard in Resources */ = {isa = PBXBuildFile; fileRef = 0070DFF424B0060500E71F46 /* LaunchScreen.storyboard */; };
		0070E00124B0060500E71F46 /* JigsawTests.swift in Sources */ = {isa = PBXBuildFile; fileRef = 0070E00024B0060500E71F46 /* JigsawTests.swift */; };
		0071E91E251FF6F50025702E /* SignInViewController.storyboard in Resources */ = {isa = PBXBuildFile; fileRef = 0071E91D251FF6F50025702E /* SignInViewController.storyboard */; };
		0071E920252003880025702E /* AppInfo.swift in Sources */ = {isa = PBXBuildFile; fileRef = 0071E91F252003880025702E /* AppInfo.swift */; };
		0071E9232520161F0025702E /* FirebaseHelper.swift in Sources */ = {isa = PBXBuildFile; fileRef = 0071E9222520161F0025702E /* FirebaseHelper.swift */; };
		0078315224DF557800B35A98 /* Player.swift in Sources */ = {isa = PBXBuildFile; fileRef = 0078315124DF557800B35A98 /* Player.swift */; };
		007FC9542536202B00D8D9A1 /* RoomProgressViewController.swift in Sources */ = {isa = PBXBuildFile; fileRef = 007FC9532536202B00D8D9A1 /* RoomProgressViewController.swift */; };
		00A06D8D24E8A9B400030649 /* GameGroup.swift in Sources */ = {isa = PBXBuildFile; fileRef = 00A06D8C24E8A9B400030649 /* GameGroup.swift */; };
		00A88312252924CF00186BED /* GameKit.framework in Frameworks */ = {isa = PBXBuildFile; fileRef = 00A88311252924CF00186BED /* GameKit.framework */; };
		00A8831525292D4E00186BED /* GameCenterHelper.swift in Sources */ = {isa = PBXBuildFile; fileRef = 00A8831425292D4E00186BED /* GameCenterHelper.swift */; };
		00A8832B2529747100186BED /* GameCenterConstants.swift in Sources */ = {isa = PBXBuildFile; fileRef = 00A8832A2529747100186BED /* GameCenterConstants.swift */; };
		00B0A67424E3CAA800887701 /* DemographicsViewController.swift in Sources */ = {isa = PBXBuildFile; fileRef = 00B0A67324E3CAA800887701 /* DemographicsViewController.swift */; };
		00B0A67A24E3CF9600887701 /* ProfileHeaderView.xib in Resources */ = {isa = PBXBuildFile; fileRef = 00B0A67924E3CF9600887701 /* ProfileHeaderView.xib */; };
		00B0A67C24E3D10300887701 /* ProfileHeaderView.swift in Sources */ = {isa = PBXBuildFile; fileRef = 00B0A67B24E3D10300887701 /* ProfileHeaderView.swift */; };
		00B0A68124E3DB7300887701 /* String+sha256.swift in Sources */ = {isa = PBXBuildFile; fileRef = 00B0A68024E3DB7300887701 /* String+sha256.swift */; };
		00B2AB7024DA5B3100607346 /* UIColor.swift in Sources */ = {isa = PBXBuildFile; fileRef = 00B2AB6F24DA5B3100607346 /* UIColor.swift */; };
		00B6305F24FB0247008975CE /* GameResult.swift in Sources */ = {isa = PBXBuildFile; fileRef = 00B6305E24FB0247008975CE /* GameResult.swift */; };
		00B6306124FB1A05008975CE /* GameHistory.swift in Sources */ = {isa = PBXBuildFile; fileRef = 00B6306024FB1A05008975CE /* GameHistory.swift */; };
		00B6306324FB26A8008975CE /* GameHistoryTimeline.storyboard in Resources */ = {isa = PBXBuildFile; fileRef = 00B6306224FB26A8008975CE /* GameHistoryTimeline.storyboard */; };
		00B6306524FB285B008975CE /* GameHistoryTimelineTableViewController.swift in Sources */ = {isa = PBXBuildFile; fileRef = 00B6306424FB285B008975CE /* GameHistoryTimelineTableViewController.swift */; };
		00BA555B24DA5D2A006A207E /* UICollectionView.swift in Sources */ = {isa = PBXBuildFile; fileRef = 00BA555A24DA5D2A006A207E /* UICollectionView.swift */; };
		00BA555D24DA7CF7006A207E /* Gender.swift in Sources */ = {isa = PBXBuildFile; fileRef = 00BA555C24DA7CF7006A207E /* Gender.swift */; };
		00C89D0C253673BB0078E328 /* github-markdown.css in Resources */ = {isa = PBXBuildFile; fileRef = 00C89D08253673BB0078E328 /* github-markdown.css */; };
		00CDFF0D24B4353E009C789D /* Questionnaire.swift in Sources */ = {isa = PBXBuildFile; fileRef = 00CDFF0C24B4353E009C789D /* Questionnaire.swift */; };
		00CDFF1224B44797009C789D /* UIViewController.swift in Sources */ = {isa = PBXBuildFile; fileRef = 00CDFF1124B44797009C789D /* UIViewController.swift */; };
		00CDFF1624B44F4C009C789D /* QuestionStepsModel.swift in Sources */ = {isa = PBXBuildFile; fileRef = 00CDFF1524B44F4C009C789D /* QuestionStepsModel.swift */; };
		00CF5DBF24F4DB3C00B501BB /* SingleChoiceQuestion.swift in Sources */ = {isa = PBXBuildFile; fileRef = 00CF5DBE24F4DB3C00B501BB /* SingleChoiceQuestion.swift */; };
		00CF5DC124F4DD0200B501BB /* MultipleChoiceQuestion.swift in Sources */ = {isa = PBXBuildFile; fileRef = 00CF5DC024F4DD0200B501BB /* MultipleChoiceQuestion.swift */; };
		00CF5DC324F4DD2F00B501BB /* NumericQuestion.swift in Sources */ = {isa = PBXBuildFile; fileRef = 00CF5DC224F4DD2F00B501BB /* NumericQuestion.swift */; };
		00CF5DC524F4DDA500B501BB /* ScaleQuestion.swift in Sources */ = {isa = PBXBuildFile; fileRef = 00CF5DC424F4DDA500B501BB /* ScaleQuestion.swift */; };
		00CF5DC724F4DE4000B501BB /* BooleanQuestion.swift in Sources */ = {isa = PBXBuildFile; fileRef = 00CF5DC624F4DE4000B501BB /* BooleanQuestion.swift */; };
		00CF5DC924F4DE9900B501BB /* InstructionQuestion.swift in Sources */ = {isa = PBXBuildFile; fileRef = 00CF5DC824F4DE9900B501BB /* InstructionQuestion.swift */; };
		00CF673A24E9E2BC00C502F3 /* PlayersQueue.swift in Sources */ = {isa = PBXBuildFile; fileRef = 00CF673924E9E2BC00C502F3 /* PlayersQueue.swift */; };
		00D0861F24CD135B00FB7A20 /* RootTabBarController.swift in Sources */ = {isa = PBXBuildFile; fileRef = 00D0861E24CD135B00FB7A20 /* RootTabBarController.swift */; };
		00D0862324CD192800FB7A20 /* OnboardingViewController.swift in Sources */ = {isa = PBXBuildFile; fileRef = 00D0862224CD192800FB7A20 /* OnboardingViewController.swift */; };
		00D0862524CD24EA00FB7A20 /* OnboardingSteps.swift in Sources */ = {isa = PBXBuildFile; fileRef = 00D0862424CD24EA00FB7A20 /* OnboardingSteps.swift */; };
		00D0862724CD2D9A00FB7A20 /* GameViewController.swift in Sources */ = {isa = PBXBuildFile; fileRef = 00D0862624CD2D9A00FB7A20 /* GameViewController.swift */; };
		00D645812740CD2300582198 /* Agrume in Frameworks */ = {isa = PBXBuildFile; productRef = 00D645802740CD2300582198 /* Agrume */; };
		00D645842740CDD800582198 /* Down in Frameworks */ = {isa = PBXBuildFile; productRef = 00D645832740CDD800582198 /* Down */; };
		00D645872740CE2B00582198 /* Yams in Frameworks */ = {isa = PBXBuildFile; productRef = 00D645862740CE2B00582198 /* Yams */; };
		00D6458A2740D0EB00582198 /* Charts in Frameworks */ = {isa = PBXBuildFile; productRef = 00D645892740D0EB00582198 /* Charts */; };
		00D6458D2740D1EC00582198 /* ProgressHUD in Frameworks */ = {isa = PBXBuildFile; productRef = 00D6458C2740D1EC00582198 /* ProgressHUD */; };
		00D645902740D28C00582198 /* Eureka in Frameworks */ = {isa = PBXBuildFile; productRef = 00D6458F2740D28C00582198 /* Eureka */; };
		00D645932740D2D800582198 /* ViewRow in Frameworks */ = {isa = PBXBuildFile; productRef = 00D645922740D2D800582198 /* ViewRow */; };
		00D645962740D32A00582198 /* PINRemoteImage in Frameworks */ = {isa = PBXBuildFile; productRef = 00D645952740D32A00582198 /* PINRemoteImage */; };
		00D645992740D36700582198 /* MessageKit in Frameworks */ = {isa = PBXBuildFile; productRef = 00D645982740D36700582198 /* MessageKit */; };
		00D6459C2740D50700582198 /* FirebaseAuth in Frameworks */ = {isa = PBXBuildFile; productRef = 00D6459B2740D50700582198 /* FirebaseAuth */; };
		00D6459E2740D50700582198 /* FirebaseDatabase in Frameworks */ = {isa = PBXBuildFile; productRef = 00D6459D2740D50700582198 /* FirebaseDatabase */; };
		00D645A02740D50700582198 /* FirebaseFirestore in Frameworks */ = {isa = PBXBuildFile; productRef = 00D6459F2740D50700582198 /* FirebaseFirestore */; };
		00D645A22740D50700582198 /* FirebaseFirestoreSwift-Beta in Frameworks */ = {isa = PBXBuildFile; productRef = 00D645A12740D50700582198 /* FirebaseFirestoreSwift-Beta */; };
		00D645A42740D50700582198 /* FirebaseFunctions in Frameworks */ = {isa = PBXBuildFile; productRef = 00D645A32740D50700582198 /* FirebaseFunctions */; };
		00D645A62740D50700582198 /* FirebaseStorage in Frameworks */ = {isa = PBXBuildFile; productRef = 00D645A52740D50700582198 /* FirebaseStorage */; };
		00D645A92740D73E00582198 /* FirebaseAnonymousAuthUI in Frameworks */ = {isa = PBXBuildFile; productRef = 00D645A82740D73E00582198 /* FirebaseAnonymousAuthUI */; };
		00D645AB2740D73E00582198 /* FirebaseAuthUI in Frameworks */ = {isa = PBXBuildFile; productRef = 00D645AA2740D73E00582198 /* FirebaseAuthUI */; };
		00D645AD2740D73E00582198 /* FirebaseEmailAuthUI in Frameworks */ = {isa = PBXBuildFile; productRef = 00D645AC2740D73E00582198 /* FirebaseEmailAuthUI */; };
		00D645AF2740D73E00582198 /* FirebaseGoogleAuthUI in Frameworks */ = {isa = PBXBuildFile; productRef = 00D645AE2740D73E00582198 /* FirebaseGoogleAuthUI */; };
		00D645B12740D73E00582198 /* FirebaseOAuthUI in Frameworks */ = {isa = PBXBuildFile; productRef = 00D645B02740D73E00582198 /* FirebaseOAuthUI */; };
		00D9F5132506DDC900898DFA /* PreviewDetailViewController.swift in Sources */ = {isa = PBXBuildFile; fileRef = 00D9F5122506DDC900898DFA /* PreviewDetailViewController.swift */; };
		00D9F5162506DEDF00898DFA /* PreviewDetailViewController.storyboard in Resources */ = {isa = PBXBuildFile; fileRef = 00D9F5152506DEDF00898DFA /* PreviewDetailViewController.storyboard */; };
		00E6A86E2533C828000D54B3 /* String+toEmojiImage.swift in Sources */ = {isa = PBXBuildFile; fileRef = 00E6A86D2533C828000D54B3 /* String+toEmojiImage.swift */; };
		00E8BA502536D8B100863F7D /* NSAttributedString+DarkMode.swift in Sources */ = {isa = PBXBuildFile; fileRef = 00E8BA4F2536D8B100863F7D /* NSAttributedString+DarkMode.swift */; };
		00E8BA562536DEF900863F7D /* AppConstants.swift in Sources */ = {isa = PBXBuildFile; fileRef = 00E8BA552536DEF900863F7D /* AppConstants.swift */; };
		00E8BA752537E94F00863F7D /* TeamRanking.swift in Sources */ = {isa = PBXBuildFile; fileRef = 00E8BA742537E94F00863F7D /* TeamRanking.swift */; };
		00E8BA7B25380B0600863F7D /* TeamRankingsViewController.swift in Sources */ = {isa = PBXBuildFile; fileRef = 00E8BA7A25380B0600863F7D /* TeamRankingsViewController.swift */; };
		00E8BA8625382C4E00863F7D /* ContinuousScaleQuestion.swift in Sources */ = {isa = PBXBuildFile; fileRef = 00E8BA8525382C4E00863F7D /* ContinuousScaleQuestion.swift */; };
		00F029D4251FF25700CB2A15 /* SignInViewController.swift in Sources */ = {isa = PBXBuildFile; fileRef = 00F029D3251FF25700CB2A15 /* SignInViewController.swift */; };
		00F2197C24CCF99800B72858 /* MetricsViewController.swift in Sources */ = {isa = PBXBuildFile; fileRef = 00F2197B24CCF99800B72858 /* MetricsViewController.swift */; };
		00F2197E24CCF9A200B72858 /* ProfileViewController.swift in Sources */ = {isa = PBXBuildFile; fileRef = 00F2197D24CCF9A200B72858 /* ProfileViewController.swift */; };
		00F6302224EE385E00BCAD11 /* AnswerCategory.swift in Sources */ = {isa = PBXBuildFile; fileRef = 00F6302124EE385E00BCAD11 /* AnswerCategory.swift */; };
/* End PBXBuildFile section */

/* Begin PBXContainerItemProxy section */
		0070DFFD24B0060500E71F46 /* PBXContainerItemProxy */ = {
			isa = PBXContainerItemProxy;
			containerPortal = 0070DFDE24B0060400E71F46 /* Project object */;
			proxyType = 1;
			remoteGlobalIDString = 0070DFE524B0060400E71F46;
			remoteInfo = Jigsaw;
		};
		009D06812511F15B002E488F /* PBXContainerItemProxy */ = {
			isa = PBXContainerItemProxy;
			containerPortal = 009D067B2511F15A002E488F /* ResearchKit.xcodeproj */;
			proxyType = 2;
			remoteGlobalIDString = B183A5951A8535D100C76870;
			remoteInfo = ResearchKit;
		};
		009D06832511F15B002E488F /* PBXContainerItemProxy */ = {
			isa = PBXContainerItemProxy;
			containerPortal = 009D067B2511F15A002E488F /* ResearchKit.xcodeproj */;
			proxyType = 2;
			remoteGlobalIDString = 86CC8E9A1AC09332001CCD89;
			remoteInfo = ResearchKitTests;
		};
/* End PBXContainerItemProxy section */

/* Begin PBXCopyFilesBuildPhase section */
		005308CC25168A96002A429F /* Embed Frameworks */ = {
			isa = PBXCopyFilesBuildPhase;
			buildActionMask = 2147483647;
			dstPath = "";
			dstSubfolderSpec = 10;
			files = (
				005308CB25168A96002A429F /* ResearchKit.framework in Embed Frameworks */,
			);
			name = "Embed Frameworks";
			runOnlyForDeploymentPostprocessing = 0;
		};
/* End PBXCopyFilesBuildPhase section */

/* Begin PBXFileReference section */
		0000321025130A85004681AF /* CategoryViewController.swift */ = {isa = PBXFileReference; lastKnownFileType = sourcecode.swift; path = CategoryViewController.swift; sourceTree = "<group>"; };
		000D809C24ECEDBA0070041D /* EducationLevel.swift */ = {isa = PBXFileReference; lastKnownFileType = sourcecode.swift; path = EducationLevel.swift; sourceTree = "<group>"; };
		000D809F24ECEE990070041D /* Ethnicity.swift */ = {isa = PBXFileReference; lastKnownFileType = sourcecode.swift; path = Ethnicity.swift; sourceTree = "<group>"; };
		0020D54824DF79CB00DB20E1 /* GameStore.swift */ = {isa = PBXFileReference; lastKnownFileType = sourcecode.swift; path = GameStore.swift; sourceTree = "<group>"; };
		0020D54A24DF7A0D00DB20E1 /* Game.swift */ = {isa = PBXFileReference; lastKnownFileType = sourcecode.swift; path = Game.swift; sourceTree = "<group>"; };
		0020D54F24DFAED000DB20E1 /* GameOfGroup.swift */ = {isa = PBXFileReference; lastKnownFileType = sourcecode.swift; path = GameOfGroup.swift; sourceTree = "<group>"; };
		0020D56624E263C600DB20E1 /* MatchingViewController.swift */ = {isa = PBXFileReference; lastKnownFileType = sourcecode.swift; path = MatchingViewController.swift; sourceTree = "<group>"; };
		0020D56924E267B300DB20E1 /* GameCollectionCell.swift */ = {isa = PBXFileReference; lastKnownFileType = sourcecode.swift; path = GameCollectionCell.swift; sourceTree = "<group>"; };
		003CD279250EE08100BD082E /* JigsawPiece.swift */ = {isa = PBXFileReference; lastKnownFileType = sourcecode.swift; path = JigsawPiece.swift; sourceTree = "<group>"; };
		003CD27B250EEC0D00BD082E /* AgeGroup.swift */ = {isa = PBXFileReference; lastKnownFileType = sourcecode.swift; path = AgeGroup.swift; sourceTree = "<group>"; };
		003CD27D250EF96B00BD082E /* CaseReverseInit.swift */ = {isa = PBXFileReference; lastKnownFileType = sourcecode.swift; path = CaseReverseInit.swift; sourceTree = "<group>"; };
		0047630324ED10FE007767A5 /* QuestionEssentialProperty.swift */ = {isa = PBXFileReference; lastKnownFileType = sourcecode.swift; path = QuestionEssentialProperty.swift; sourceTree = "<group>"; };
		0047630524ED1154007767A5 /* GameCategory.swift */ = {isa = PBXFileReference; lastKnownFileType = sourcecode.swift; path = GameCategory.swift; sourceTree = "<group>"; };
		004A4B0C24FDB55A000FA2C8 /* FormViewController+insetGrouped.swift */ = {isa = PBXFileReference; lastKnownFileType = sourcecode.swift; path = "FormViewController+insetGrouped.swift"; sourceTree = "<group>"; };
		0051950E24E9CDD4008F1CE0 /* QuestionType.swift */ = {isa = PBXFileReference; lastKnownFileType = sourcecode.swift; path = QuestionType.swift; sourceTree = "<group>"; };
		005308D025168D84002A429F /* FirebaseConstants.swift */ = {isa = PBXFileReference; lastKnownFileType = sourcecode.swift; path = FirebaseConstants.swift; sourceTree = "<group>"; };
		005308E02516F65F002A429F /* GameError.swift */ = {isa = PBXFileReference; lastKnownFileType = sourcecode.swift; path = GameError.swift; sourceTree = "<group>"; };
		005856BB24D91C4A0010BE55 /* GoogleService-Info.plist */ = {isa = PBXFileReference; fileEncoding = 4; lastKnownFileType = text.plist.xml; path = "GoogleService-Info.plist"; sourceTree = "<group>"; };
		005856BD24D923630010BE55 /* ChatViewController.swift */ = {isa = PBXFileReference; lastKnownFileType = sourcecode.swift; path = ChatViewController.swift; sourceTree = "<group>"; };
		005856BF24D924970010BE55 /* Message.swift */ = {isa = PBXFileReference; lastKnownFileType = sourcecode.swift; path = Message.swift; sourceTree = "<group>"; };
		005856C124D9262C0010BE55 /* Profiles.swift */ = {isa = PBXFileReference; lastKnownFileType = sourcecode.swift; path = Profiles.swift; sourceTree = "<group>"; };
		005856C324D92CFB0010BE55 /* Chatroom.swift */ = {isa = PBXFileReference; lastKnownFileType = sourcecode.swift; path = Chatroom.swift; sourceTree = "<group>"; };
		005856C524D92D320010BE55 /* DatabaseRepresentation.swift */ = {isa = PBXFileReference; lastKnownFileType = sourcecode.swift; path = DatabaseRepresentation.swift; sourceTree = "<group>"; };
		005856C824D92E480010BE55 /* UIImage.swift */ = {isa = PBXFileReference; lastKnownFileType = sourcecode.swift; path = UIImage.swift; sourceTree = "<group>"; };
		005856CD24D92FB60010BE55 /* ChatUser.swift */ = {isa = PBXFileReference; lastKnownFileType = sourcecode.swift; path = ChatUser.swift; sourceTree = "<group>"; };
		006089B325368EF500430707 /* DoorCollectionCell.swift */ = {isa = PBXFileReference; lastKnownFileType = sourcecode.swift; path = DoorCollectionCell.swift; sourceTree = "<group>"; };
		006EB0AC253C217B00FE5D8A /* ConfettiView.swift */ = {isa = PBXFileReference; lastKnownFileType = sourcecode.swift; path = ConfettiView.swift; sourceTree = "<group>"; };
		0070DFE624B0060400E71F46 /* Jigsaw.app */ = {isa = PBXFileReference; explicitFileType = wrapper.application; includeInIndex = 0; path = Jigsaw.app; sourceTree = BUILT_PRODUCTS_DIR; };
		0070DFE924B0060400E71F46 /* AppDelegate.swift */ = {isa = PBXFileReference; lastKnownFileType = sourcecode.swift; path = AppDelegate.swift; sourceTree = "<group>"; };
		0070DFEB24B0060400E71F46 /* SceneDelegate.swift */ = {isa = PBXFileReference; lastKnownFileType = sourcecode.swift; path = SceneDelegate.swift; sourceTree = "<group>"; };
		0070DFED24B0060400E71F46 /* HomeCollectionViewController.swift */ = {isa = PBXFileReference; lastKnownFileType = sourcecode.swift; path = HomeCollectionViewController.swift; sourceTree = "<group>"; };
		0070DFF024B0060400E71F46 /* Base */ = {isa = PBXFileReference; lastKnownFileType = file.storyboard; name = Base; path = Base.lproj/Main.storyboard; sourceTree = "<group>"; };
		0070DFF224B0060500E71F46 /* Assets.xcassets */ = {isa = PBXFileReference; lastKnownFileType = folder.assetcatalog; path = Assets.xcassets; sourceTree = "<group>"; };
		0070DFF524B0060500E71F46 /* Base */ = {isa = PBXFileReference; lastKnownFileType = file.storyboard; name = Base; path = Base.lproj/LaunchScreen.storyboard; sourceTree = "<group>"; };
		0070DFF724B0060500E71F46 /* Info.plist */ = {isa = PBXFileReference; lastKnownFileType = text.plist.xml; path = Info.plist; sourceTree = "<group>"; };
		0070DFFC24B0060500E71F46 /* JigsawTests.xctest */ = {isa = PBXFileReference; explicitFileType = wrapper.cfbundle; includeInIndex = 0; path = JigsawTests.xctest; sourceTree = BUILT_PRODUCTS_DIR; };
		0070E00024B0060500E71F46 /* JigsawTests.swift */ = {isa = PBXFileReference; lastKnownFileType = sourcecode.swift; path = JigsawTests.swift; sourceTree = "<group>"; };
		0070E00224B0060500E71F46 /* Info.plist */ = {isa = PBXFileReference; lastKnownFileType = text.plist.xml; path = Info.plist; sourceTree = "<group>"; };
		0071E91D251FF6F50025702E /* SignInViewController.storyboard */ = {isa = PBXFileReference; lastKnownFileType = file.storyboard; path = SignInViewController.storyboard; sourceTree = "<group>"; };
		0071E91F252003880025702E /* AppInfo.swift */ = {isa = PBXFileReference; lastKnownFileType = sourcecode.swift; path = AppInfo.swift; sourceTree = "<group>"; };
		0071E921252005780025702E /* Jigsaw.entitlements */ = {isa = PBXFileReference; lastKnownFileType = text.plist.entitlements; path = Jigsaw.entitlements; sourceTree = "<group>"; };
		0071E9222520161F0025702E /* FirebaseHelper.swift */ = {isa = PBXFileReference; lastKnownFileType = sourcecode.swift; path = FirebaseHelper.swift; sourceTree = "<group>"; };
		0078315124DF557800B35A98 /* Player.swift */ = {isa = PBXFileReference; lastKnownFileType = sourcecode.swift; path = Player.swift; sourceTree = "<group>"; };
		007FC9532536202B00D8D9A1 /* RoomProgressViewController.swift */ = {isa = PBXFileReference; lastKnownFileType = sourcecode.swift; path = RoomProgressViewController.swift; sourceTree = "<group>"; };
		009D067B2511F15A002E488F /* ResearchKit.xcodeproj */ = {isa = PBXFileReference; lastKnownFileType = "wrapper.pb-project"; name = ResearchKit.xcodeproj; path = "ResearchKit-68f9d29/ResearchKit.xcodeproj"; sourceTree = "<group>"; };
		00A06D8C24E8A9B400030649 /* GameGroup.swift */ = {isa = PBXFileReference; lastKnownFileType = sourcecode.swift; path = GameGroup.swift; sourceTree = "<group>"; };
		00A88311252924CF00186BED /* GameKit.framework */ = {isa = PBXFileReference; lastKnownFileType = wrapper.framework; name = GameKit.framework; path = System/Library/Frameworks/GameKit.framework; sourceTree = SDKROOT; };
		00A8831425292D4E00186BED /* GameCenterHelper.swift */ = {isa = PBXFileReference; lastKnownFileType = sourcecode.swift; path = GameCenterHelper.swift; sourceTree = "<group>"; };
		00A8832A2529747100186BED /* GameCenterConstants.swift */ = {isa = PBXFileReference; lastKnownFileType = sourcecode.swift; path = GameCenterConstants.swift; sourceTree = "<group>"; };
		00B0A67324E3CAA800887701 /* DemographicsViewController.swift */ = {isa = PBXFileReference; lastKnownFileType = sourcecode.swift; path = DemographicsViewController.swift; sourceTree = "<group>"; };
		00B0A67924E3CF9600887701 /* ProfileHeaderView.xib */ = {isa = PBXFileReference; lastKnownFileType = file.xib; path = ProfileHeaderView.xib; sourceTree = "<group>"; };
		00B0A67B24E3D10300887701 /* ProfileHeaderView.swift */ = {isa = PBXFileReference; lastKnownFileType = sourcecode.swift; path = ProfileHeaderView.swift; sourceTree = "<group>"; };
		00B0A68024E3DB7300887701 /* String+sha256.swift */ = {isa = PBXFileReference; lastKnownFileType = sourcecode.swift; path = "String+sha256.swift"; sourceTree = "<group>"; };
		00B2AB6F24DA5B3100607346 /* UIColor.swift */ = {isa = PBXFileReference; lastKnownFileType = sourcecode.swift; path = UIColor.swift; sourceTree = "<group>"; };
		00B6305E24FB0247008975CE /* GameResult.swift */ = {isa = PBXFileReference; lastKnownFileType = sourcecode.swift; path = GameResult.swift; sourceTree = "<group>"; };
		00B6306024FB1A05008975CE /* GameHistory.swift */ = {isa = PBXFileReference; lastKnownFileType = sourcecode.swift; path = GameHistory.swift; sourceTree = "<group>"; };
		00B6306224FB26A8008975CE /* GameHistoryTimeline.storyboard */ = {isa = PBXFileReference; lastKnownFileType = file.storyboard; path = GameHistoryTimeline.storyboard; sourceTree = "<group>"; };
		00B6306424FB285B008975CE /* GameHistoryTimelineTableViewController.swift */ = {isa = PBXFileReference; lastKnownFileType = sourcecode.swift; path = GameHistoryTimelineTableViewController.swift; sourceTree = "<group>"; };
		00BA555A24DA5D2A006A207E /* UICollectionView.swift */ = {isa = PBXFileReference; lastKnownFileType = sourcecode.swift; path = UICollectionView.swift; sourceTree = "<group>"; };
		00BA555C24DA7CF7006A207E /* Gender.swift */ = {isa = PBXFileReference; lastKnownFileType = sourcecode.swift; path = Gender.swift; sourceTree = "<group>"; };
		00C89D08253673BB0078E328 /* github-markdown.css */ = {isa = PBXFileReference; fileEncoding = 4; lastKnownFileType = text.css; path = "github-markdown.css"; sourceTree = "<group>"; };
		00CDFF0C24B4353E009C789D /* Questionnaire.swift */ = {isa = PBXFileReference; lastKnownFileType = sourcecode.swift; path = Questionnaire.swift; sourceTree = "<group>"; };
		00CDFF1124B44797009C789D /* UIViewController.swift */ = {isa = PBXFileReference; lastKnownFileType = sourcecode.swift; path = UIViewController.swift; sourceTree = "<group>"; };
		00CDFF1524B44F4C009C789D /* QuestionStepsModel.swift */ = {isa = PBXFileReference; lastKnownFileType = sourcecode.swift; path = QuestionStepsModel.swift; sourceTree = "<group>"; };
		00CF5DBE24F4DB3C00B501BB /* SingleChoiceQuestion.swift */ = {isa = PBXFileReference; lastKnownFileType = sourcecode.swift; path = SingleChoiceQuestion.swift; sourceTree = "<group>"; };
		00CF5DC024F4DD0200B501BB /* MultipleChoiceQuestion.swift */ = {isa = PBXFileReference; lastKnownFileType = sourcecode.swift; path = MultipleChoiceQuestion.swift; sourceTree = "<group>"; };
		00CF5DC224F4DD2F00B501BB /* NumericQuestion.swift */ = {isa = PBXFileReference; lastKnownFileType = sourcecode.swift; path = NumericQuestion.swift; sourceTree = "<group>"; };
		00CF5DC424F4DDA500B501BB /* ScaleQuestion.swift */ = {isa = PBXFileReference; lastKnownFileType = sourcecode.swift; path = ScaleQuestion.swift; sourceTree = "<group>"; };
		00CF5DC624F4DE4000B501BB /* BooleanQuestion.swift */ = {isa = PBXFileReference; lastKnownFileType = sourcecode.swift; path = BooleanQuestion.swift; sourceTree = "<group>"; };
		00CF5DC824F4DE9900B501BB /* InstructionQuestion.swift */ = {isa = PBXFileReference; lastKnownFileType = sourcecode.swift; path = InstructionQuestion.swift; sourceTree = "<group>"; };
		00CF673924E9E2BC00C502F3 /* PlayersQueue.swift */ = {isa = PBXFileReference; lastKnownFileType = sourcecode.swift; path = PlayersQueue.swift; sourceTree = "<group>"; };
		00D0861E24CD135B00FB7A20 /* RootTabBarController.swift */ = {isa = PBXFileReference; lastKnownFileType = sourcecode.swift; path = RootTabBarController.swift; sourceTree = "<group>"; };
		00D0862224CD192800FB7A20 /* OnboardingViewController.swift */ = {isa = PBXFileReference; fileEncoding = 4; lastKnownFileType = sourcecode.swift; path = OnboardingViewController.swift; sourceTree = "<group>"; };
		00D0862424CD24EA00FB7A20 /* OnboardingSteps.swift */ = {isa = PBXFileReference; lastKnownFileType = sourcecode.swift; path = OnboardingSteps.swift; sourceTree = "<group>"; };
		00D0862624CD2D9A00FB7A20 /* GameViewController.swift */ = {isa = PBXFileReference; lastKnownFileType = sourcecode.swift; path = GameViewController.swift; sourceTree = "<group>"; };
		00D9F5122506DDC900898DFA /* PreviewDetailViewController.swift */ = {isa = PBXFileReference; lastKnownFileType = sourcecode.swift; path = PreviewDetailViewController.swift; sourceTree = "<group>"; };
		00D9F5152506DEDF00898DFA /* PreviewDetailViewController.storyboard */ = {isa = PBXFileReference; lastKnownFileType = file.storyboard; path = PreviewDetailViewController.storyboard; sourceTree = "<group>"; };
		00E6A86D2533C828000D54B3 /* String+toEmojiImage.swift */ = {isa = PBXFileReference; lastKnownFileType = sourcecode.swift; path = "String+toEmojiImage.swift"; sourceTree = "<group>"; };
		00E8BA4F2536D8B100863F7D /* NSAttributedString+DarkMode.swift */ = {isa = PBXFileReference; lastKnownFileType = sourcecode.swift; path = "NSAttributedString+DarkMode.swift"; sourceTree = "<group>"; };
		00E8BA552536DEF900863F7D /* AppConstants.swift */ = {isa = PBXFileReference; lastKnownFileType = sourcecode.swift; path = AppConstants.swift; sourceTree = "<group>"; };
		00E8BA742537E94F00863F7D /* TeamRanking.swift */ = {isa = PBXFileReference; lastKnownFileType = sourcecode.swift; path = TeamRanking.swift; sourceTree = "<group>"; };
		00E8BA7A25380B0600863F7D /* TeamRankingsViewController.swift */ = {isa = PBXFileReference; lastKnownFileType = sourcecode.swift; path = TeamRankingsViewController.swift; sourceTree = "<group>"; };
		00E8BA8525382C4E00863F7D /* ContinuousScaleQuestion.swift */ = {isa = PBXFileReference; lastKnownFileType = sourcecode.swift; path = ContinuousScaleQuestion.swift; sourceTree = "<group>"; };
		00F029D3251FF25700CB2A15 /* SignInViewController.swift */ = {isa = PBXFileReference; lastKnownFileType = sourcecode.swift; path = SignInViewController.swift; sourceTree = "<group>"; };
		00F2197B24CCF99800B72858 /* MetricsViewController.swift */ = {isa = PBXFileReference; lastKnownFileType = sourcecode.swift; path = MetricsViewController.swift; sourceTree = "<group>"; };
		00F2197D24CCF9A200B72858 /* ProfileViewController.swift */ = {isa = PBXFileReference; lastKnownFileType = sourcecode.swift; path = ProfileViewController.swift; sourceTree = "<group>"; };
		00F6302124EE385E00BCAD11 /* AnswerCategory.swift */ = {isa = PBXFileReference; lastKnownFileType = sourcecode.swift; path = AnswerCategory.swift; sourceTree = "<group>"; };
/* End PBXFileReference section */

/* Begin PBXFrameworksBuildPhase section */
		0070DFE324B0060400E71F46 /* Frameworks */ = {
			isa = PBXFrameworksBuildPhase;
			buildActionMask = 2147483647;
			files = (
				00D645AD2740D73E00582198 /* FirebaseEmailAuthUI in Frameworks */,
				00D6459E2740D50700582198 /* FirebaseDatabase in Frameworks */,
				00D645962740D32A00582198 /* PINRemoteImage in Frameworks */,
				00D645842740CDD800582198 /* Down in Frameworks */,
				00D645AB2740D73E00582198 /* FirebaseAuthUI in Frameworks */,
				00D6458D2740D1EC00582198 /* ProgressHUD in Frameworks */,
				00D645992740D36700582198 /* MessageKit in Frameworks */,
				00D645B12740D73E00582198 /* FirebaseOAuthUI in Frameworks */,
				00D6458A2740D0EB00582198 /* Charts in Frameworks */,
				00D645902740D28C00582198 /* Eureka in Frameworks */,
				00D645872740CE2B00582198 /* Yams in Frameworks */,
				00D6459C2740D50700582198 /* FirebaseAuth in Frameworks */,
				00D645812740CD2300582198 /* Agrume in Frameworks */,
				00D645932740D2D800582198 /* ViewRow in Frameworks */,
				00D645A42740D50700582198 /* FirebaseFunctions in Frameworks */,
				00D645A62740D50700582198 /* FirebaseStorage in Frameworks */,
				00A88312252924CF00186BED /* GameKit.framework in Frameworks */,
				00D645A22740D50700582198 /* FirebaseFirestoreSwift-Beta in Frameworks */,
				00D645AF2740D73E00582198 /* FirebaseGoogleAuthUI in Frameworks */,
				00D645A92740D73E00582198 /* FirebaseAnonymousAuthUI in Frameworks */,
				005308CA25168A96002A429F /* ResearchKit.framework in Frameworks */,
				00D645A02740D50700582198 /* FirebaseFirestore in Frameworks */,
			);
			runOnlyForDeploymentPostprocessing = 0;
		};
		0070DFF924B0060500E71F46 /* Frameworks */ = {
			isa = PBXFrameworksBuildPhase;
			buildActionMask = 2147483647;
			files = (
			);
			runOnlyForDeploymentPostprocessing = 0;
		};
/* End PBXFrameworksBuildPhase section */

/* Begin PBXGroup section */
		000D809B24ECED5C0070041D /* Metrics */ = {
			isa = PBXGroup;
			children = (
				00F2197B24CCF99800B72858 /* MetricsViewController.swift */,
				00E8BA7A25380B0600863F7D /* TeamRankingsViewController.swift */,
			);
			path = Metrics;
			sourceTree = "<group>";
		};
		000D809E24ECEE6A0070041D /* Demographics */ = {
			isa = PBXGroup;
			children = (
				00BA555C24DA7CF7006A207E /* Gender.swift */,
				000D809C24ECEDBA0070041D /* EducationLevel.swift */,
				000D809F24ECEE990070041D /* Ethnicity.swift */,
				003CD27B250EEC0D00BD082E /* AgeGroup.swift */,
			);
			path = Demographics;
			sourceTree = "<group>";
		};
		0020D54C24DF95CC00DB20E1 /* Supporting Files */ = {
			isa = PBXGroup;
			children = (
			);
			path = "Supporting Files";
			sourceTree = "<group>";
		};
		0051951024E9CEB2008F1CE0 /* Question */ = {
			isa = PBXGroup;
			children = (
				00CF5DBD24F4DA8F00B501BB /* YAMLQuestions */,
				00CDFF1524B44F4C009C789D /* QuestionStepsModel.swift */,
				00CDFF0C24B4353E009C789D /* Questionnaire.swift */,
				0051950E24E9CDD4008F1CE0 /* QuestionType.swift */,
				00F6302124EE385E00BCAD11 /* AnswerCategory.swift */,
			);
			path = Question;
			sourceTree = "<group>";
		};
		005308F32517DB7F002A429F /* Player */ = {
			isa = PBXGroup;
			children = (
				00CF673924E9E2BC00C502F3 /* PlayersQueue.swift */,
				0078315124DF557800B35A98 /* Player.swift */,
				005856C124D9262C0010BE55 /* Profiles.swift */,
				003CD279250EE08100BD082E /* JigsawPiece.swift */,
			);
			path = Player;
			sourceTree = "<group>";
		};
		005856C724D92D400010BE55 /* Protocols */ = {
			isa = PBXGroup;
			children = (
				005856C524D92D320010BE55 /* DatabaseRepresentation.swift */,
				0047630324ED10FE007767A5 /* QuestionEssentialProperty.swift */,
				003CD27D250EF96B00BD082E /* CaseReverseInit.swift */,
			);
			path = Protocols;
			sourceTree = "<group>";
		};
		005856CA24D92F820010BE55 /* Game */ = {
			isa = PBXGroup;
			children = (
				0020D54A24DF7A0D00DB20E1 /* Game.swift */,
				0047630524ED1154007767A5 /* GameCategory.swift */,
				0020D54824DF79CB00DB20E1 /* GameStore.swift */,
				0020D54F24DFAED000DB20E1 /* GameOfGroup.swift */,
				00A06D8C24E8A9B400030649 /* GameGroup.swift */,
				00B6305E24FB0247008975CE /* GameResult.swift */,
				00B6306024FB1A05008975CE /* GameHistory.swift */,
				005308E02516F65F002A429F /* GameError.swift */,
			);
			path = Game;
			sourceTree = "<group>";
		};
		005856CB24D92F900010BE55 /* Onboarding */ = {
			isa = PBXGroup;
			children = (
				00D0862424CD24EA00FB7A20 /* OnboardingSteps.swift */,
			);
			path = Onboarding;
			sourceTree = "<group>";
		};
		005856CC24D92F990010BE55 /* Chatroom */ = {
			isa = PBXGroup;
			children = (
				005856BF24D924970010BE55 /* Message.swift */,
				005856C324D92CFB0010BE55 /* Chatroom.swift */,
				005856CD24D92FB60010BE55 /* ChatUser.swift */,
			);
			path = Chatroom;
			sourceTree = "<group>";
		};
		0070DFDD24B0060400E71F46 = {
			isa = PBXGroup;
			children = (
				009D067B2511F15A002E488F /* ResearchKit.xcodeproj */,
				0070DFE824B0060400E71F46 /* Jigsaw */,
				0070DFFF24B0060500E71F46 /* JigsawTests */,
				0070DFE724B0060400E71F46 /* Products */,
				C3C20A15E3D3B23BD23C86AF /* Frameworks */,
			);
			sourceTree = "<group>";
		};
		0070DFE724B0060400E71F46 /* Products */ = {
			isa = PBXGroup;
			children = (
				0070DFE624B0060400E71F46 /* Jigsaw.app */,
				0070DFFC24B0060500E71F46 /* JigsawTests.xctest */,
			);
			name = Products;
			sourceTree = "<group>";
		};
		0070DFE824B0060400E71F46 /* Jigsaw */ = {
			isa = PBXGroup;
			children = (
				0020D54C24DF95CC00DB20E1 /* Supporting Files */,
				00CDFF0724B2E90E009C789D /* JavaScript */,
				005856C724D92D400010BE55 /* Protocols */,
				00CDFF0624B2E908009C789D /* Views */,
				00CDFF0524B2E8F0009C789D /* Models */,
				00CDFF0424B2E8E1009C789D /* Controllers */,
				00CDFF0324B2E8C3009C789D /* Extensions */,
				00CDFF0224B2E8AA009C789D /* Storyboards */,
				0070DFE924B0060400E71F46 /* AppDelegate.swift */,
				0070DFEB24B0060400E71F46 /* SceneDelegate.swift */,
				0070DFF224B0060500E71F46 /* Assets.xcassets */,
				005856BB24D91C4A0010BE55 /* GoogleService-Info.plist */,
				0071E921252005780025702E /* Jigsaw.entitlements */,
				0070DFF724B0060500E71F46 /* Info.plist */,
			);
			path = Jigsaw;
			sourceTree = "<group>";
		};
		0070DFFF24B0060500E71F46 /* JigsawTests */ = {
			isa = PBXGroup;
			children = (
				0070E00024B0060500E71F46 /* JigsawTests.swift */,
				0070E00224B0060500E71F46 /* Info.plist */,
			);
			path = JigsawTests;
			sourceTree = "<group>";
		};
		0071E91B251FF67B0025702E /* View XIBs */ = {
			isa = PBXGroup;
			children = (
				00B0A67924E3CF9600887701 /* ProfileHeaderView.xib */,
			);
			path = "View XIBs";
			sourceTree = "<group>";
		};
		0071E91C251FF6880025702E /* Controller Storyboards */ = {
			isa = PBXGroup;
			children = (
				0071E91D251FF6F50025702E /* SignInViewController.storyboard */,
				00B6306224FB26A8008975CE /* GameHistoryTimeline.storyboard */,
				00D9F5152506DEDF00898DFA /* PreviewDetailViewController.storyboard */,
			);
			path = "Controller Storyboards";
			sourceTree = "<group>";
		};
		009D067C2511F15A002E488F /* Products */ = {
			isa = PBXGroup;
			children = (
				009D06822511F15B002E488F /* ResearchKit.framework */,
				009D06842511F15B002E488F /* ResearchKitTests.xctest */,
			);
			name = Products;
			sourceTree = "<group>";
		};
		00B0A67524E3CAD500887701 /* Home */ = {
			isa = PBXGroup;
			children = (
				0070DFED24B0060400E71F46 /* HomeCollectionViewController.swift */,
				0000321025130A85004681AF /* CategoryViewController.swift */,
				0020D56624E263C600DB20E1 /* MatchingViewController.swift */,
				00D0862624CD2D9A00FB7A20 /* GameViewController.swift */,
				007FC9532536202B00D8D9A1 /* RoomProgressViewController.swift */,
				005856BD24D923630010BE55 /* ChatViewController.swift */,
				00D9F5122506DDC900898DFA /* PreviewDetailViewController.swift */,
			);
			path = Home;
			sourceTree = "<group>";
		};
		00B0A67624E3CAF000887701 /* Profile */ = {
			isa = PBXGroup;
			children = (
				00F2197D24CCF9A200B72858 /* ProfileViewController.swift */,
				00B0A67324E3CAA800887701 /* DemographicsViewController.swift */,
				00B6306424FB285B008975CE /* GameHistoryTimelineTableViewController.swift */,
			);
			path = Profile;
			sourceTree = "<group>";
		};
		00CDFF0224B2E8AA009C789D /* Storyboards */ = {
			isa = PBXGroup;
			children = (
				0071E91B251FF67B0025702E /* View XIBs */,
				0071E91C251FF6880025702E /* Controller Storyboards */,
				0070DFEF24B0060400E71F46 /* Main.storyboard */,
				0070DFF424B0060500E71F46 /* LaunchScreen.storyboard */,
			);
			path = Storyboards;
			sourceTree = "<group>";
		};
		00CDFF0324B2E8C3009C789D /* Extensions */ = {
			isa = PBXGroup;
			children = (
				00CDFF1124B44797009C789D /* UIViewController.swift */,
				005856C824D92E480010BE55 /* UIImage.swift */,
				00B2AB6F24DA5B3100607346 /* UIColor.swift */,
				00BA555A24DA5D2A006A207E /* UICollectionView.swift */,
				00B0A68024E3DB7300887701 /* String+sha256.swift */,
				004A4B0C24FDB55A000FA2C8 /* FormViewController+insetGrouped.swift */,
				00E6A86D2533C828000D54B3 /* String+toEmojiImage.swift */,
				00E8BA4F2536D8B100863F7D /* NSAttributedString+DarkMode.swift */,
			);
			path = Extensions;
			sourceTree = "<group>";
		};
		00CDFF0424B2E8E1009C789D /* Controllers */ = {
			isa = PBXGroup;
			children = (
				00D0861E24CD135B00FB7A20 /* RootTabBarController.swift */,
				00F029D3251FF25700CB2A15 /* SignInViewController.swift */,
				00D0862224CD192800FB7A20 /* OnboardingViewController.swift */,
				00B0A67524E3CAD500887701 /* Home */,
				00B0A67624E3CAF000887701 /* Profile */,
				000D809B24ECED5C0070041D /* Metrics */,
			);
			path = Controllers;
			sourceTree = "<group>";
		};
		00CDFF0524B2E8F0009C789D /* Models */ = {
			isa = PBXGroup;
			children = (
				0051951024E9CEB2008F1CE0 /* Question */,
				005856CA24D92F820010BE55 /* Game */,
				005856CB24D92F900010BE55 /* Onboarding */,
				005856CC24D92F990010BE55 /* Chatroom */,
				000D809E24ECEE6A0070041D /* Demographics */,
				005308F32517DB7F002A429F /* Player */,
				0071E9222520161F0025702E /* FirebaseHelper.swift */,
				00A8831425292D4E00186BED /* GameCenterHelper.swift */,
				005308D025168D84002A429F /* FirebaseConstants.swift */,
				00A8832A2529747100186BED /* GameCenterConstants.swift */,
				0071E91F252003880025702E /* AppInfo.swift */,
				00E8BA552536DEF900863F7D /* AppConstants.swift */,
				00E8BA742537E94F00863F7D /* TeamRanking.swift */,
			);
			path = Models;
			sourceTree = "<group>";
		};
		00CDFF0624B2E908009C789D /* Views */ = {
			isa = PBXGroup;
			children = (
				0020D56924E267B300DB20E1 /* GameCollectionCell.swift */,
				00B0A67B24E3D10300887701 /* ProfileHeaderView.swift */,
				006089B325368EF500430707 /* DoorCollectionCell.swift */,
				006EB0AC253C217B00FE5D8A /* ConfettiView.swift */,
			);
			path = Views;
			sourceTree = "<group>";
		};
		00CDFF0724B2E90E009C789D /* JavaScript */ = {
			isa = PBXGroup;
			children = (
				00C89D08253673BB0078E328 /* github-markdown.css */,
			);
			path = JavaScript;
			sourceTree = "<group>";
		};
		00CF5DBD24F4DA8F00B501BB /* YAMLQuestions */ = {
			isa = PBXGroup;
			children = (
				00CF5DBE24F4DB3C00B501BB /* SingleChoiceQuestion.swift */,
				00CF5DC024F4DD0200B501BB /* MultipleChoiceQuestion.swift */,
				00CF5DC224F4DD2F00B501BB /* NumericQuestion.swift */,
				00CF5DC424F4DDA500B501BB /* ScaleQuestion.swift */,
				00E8BA8525382C4E00863F7D /* ContinuousScaleQuestion.swift */,
				00CF5DC624F4DE4000B501BB /* BooleanQuestion.swift */,
				00CF5DC824F4DE9900B501BB /* InstructionQuestion.swift */,
			);
			path = YAMLQuestions;
			sourceTree = "<group>";
		};
		C3C20A15E3D3B23BD23C86AF /* Frameworks */ = {
			isa = PBXGroup;
			children = (
				00A88311252924CF00186BED /* GameKit.framework */,
			);
			name = Frameworks;
			sourceTree = "<group>";
		};
/* End PBXGroup section */

/* Begin PBXNativeTarget section */
		0070DFE524B0060400E71F46 /* Jigsaw */ = {
			isa = PBXNativeTarget;
			buildConfigurationList = 0070E00524B0060500E71F46 /* Build configuration list for PBXNativeTarget "Jigsaw" */;
			buildPhases = (
				006EB049253BA63E00FE5D8A /* Set Bundle Build Version to date */,
				0070DFE224B0060400E71F46 /* Sources */,
				0070DFE324B0060400E71F46 /* Frameworks */,
				0070DFE424B0060400E71F46 /* Resources */,
				0070E00B24B0066B00E71F46 /* SwiftLint */,
				005308CC25168A96002A429F /* Embed Frameworks */,
			);
			buildRules = (
			);
			dependencies = (
			);
			name = Jigsaw;
			packageProductDependencies = (
				00D645802740CD2300582198 /* Agrume */,
				00D645832740CDD800582198 /* Down */,
				00D645862740CE2B00582198 /* Yams */,
				00D645892740D0EB00582198 /* Charts */,
				00D6458C2740D1EC00582198 /* ProgressHUD */,
				00D6458F2740D28C00582198 /* Eureka */,
				00D645922740D2D800582198 /* ViewRow */,
				00D645952740D32A00582198 /* PINRemoteImage */,
				00D645982740D36700582198 /* MessageKit */,
				00D6459B2740D50700582198 /* FirebaseAuth */,
				00D6459D2740D50700582198 /* FirebaseDatabase */,
				00D6459F2740D50700582198 /* FirebaseFirestore */,
				00D645A12740D50700582198 /* FirebaseFirestoreSwift-Beta */,
				00D645A32740D50700582198 /* FirebaseFunctions */,
				00D645A52740D50700582198 /* FirebaseStorage */,
				00D645A82740D73E00582198 /* FirebaseAnonymousAuthUI */,
				00D645AA2740D73E00582198 /* FirebaseAuthUI */,
				00D645AC2740D73E00582198 /* FirebaseEmailAuthUI */,
				00D645AE2740D73E00582198 /* FirebaseGoogleAuthUI */,
				00D645B02740D73E00582198 /* FirebaseOAuthUI */,
			);
			productName = Jigsaw;
			productReference = 0070DFE624B0060400E71F46 /* Jigsaw.app */;
			productType = "com.apple.product-type.application";
		};
		0070DFFB24B0060500E71F46 /* JigsawTests */ = {
			isa = PBXNativeTarget;
			buildConfigurationList = 0070E00824B0060500E71F46 /* Build configuration list for PBXNativeTarget "JigsawTests" */;
			buildPhases = (
				0070DFF824B0060500E71F46 /* Sources */,
				0070DFF924B0060500E71F46 /* Frameworks */,
				0070DFFA24B0060500E71F46 /* Resources */,
			);
			buildRules = (
			);
			dependencies = (
				0070DFFE24B0060500E71F46 /* PBXTargetDependency */,
			);
			name = JigsawTests;
			productName = JigsawTests;
			productReference = 0070DFFC24B0060500E71F46 /* JigsawTests.xctest */;
			productType = "com.apple.product-type.bundle.unit-test";
		};
/* End PBXNativeTarget section */

/* Begin PBXProject section */
		0070DFDE24B0060400E71F46 /* Project object */ = {
			isa = PBXProject;
			attributes = {
				LastSwiftUpdateCheck = 1150;
				LastUpgradeCheck = 1150;
				ORGANIZATIONNAME = DukeMobileDevCenter;
				TargetAttributes = {
					0070DFE524B0060400E71F46 = {
						CreatedOnToolsVersion = 11.5;
					};
					0070DFFB24B0060500E71F46 = {
						CreatedOnToolsVersion = 11.5;
						TestTargetID = 0070DFE524B0060400E71F46;
					};
				};
			};
			buildConfigurationList = 0070DFE124B0060400E71F46 /* Build configuration list for PBXProject "Jigsaw" */;
			compatibilityVersion = "Xcode 11.0";
			developmentRegion = en;
			hasScannedForEncodings = 0;
			knownRegions = (
				en,
				Base,
			);
			mainGroup = 0070DFDD24B0060400E71F46;
			packageReferences = (
				00D6457F2740CD2300582198 /* XCRemoteSwiftPackageReference "Agrume" */,
				00D645822740CDD800582198 /* XCRemoteSwiftPackageReference "Down" */,
				00D645852740CE2B00582198 /* XCRemoteSwiftPackageReference "Yams" */,
				00D645882740D0EB00582198 /* XCRemoteSwiftPackageReference "Charts" */,
				00D6458B2740D1EC00582198 /* XCRemoteSwiftPackageReference "ProgressHUD" */,
				00D6458E2740D28C00582198 /* XCRemoteSwiftPackageReference "Eureka" */,
				00D645912740D2D800582198 /* XCRemoteSwiftPackageReference "ViewRow" */,
				00D645942740D32A00582198 /* XCRemoteSwiftPackageReference "PINRemoteImage" */,
				00D645972740D36700582198 /* XCRemoteSwiftPackageReference "MessageKit" */,
				00D6459A2740D50700582198 /* XCRemoteSwiftPackageReference "firebase-ios-sdk" */,
				00D645A72740D73E00582198 /* XCRemoteSwiftPackageReference "FirebaseUI-iOS" */,
			);
			productRefGroup = 0070DFE724B0060400E71F46 /* Products */;
			projectDirPath = "";
			projectReferences = (
				{
					ProductGroup = 009D067C2511F15A002E488F /* Products */;
					ProjectRef = 009D067B2511F15A002E488F /* ResearchKit.xcodeproj */;
				},
			);
			projectRoot = "";
			targets = (
				0070DFE524B0060400E71F46 /* Jigsaw */,
				0070DFFB24B0060500E71F46 /* JigsawTests */,
			);
		};
/* End PBXProject section */

/* Begin PBXReferenceProxy section */
		009D06822511F15B002E488F /* ResearchKit.framework */ = {
			isa = PBXReferenceProxy;
			fileType = wrapper.framework;
			path = ResearchKit.framework;
			remoteRef = 009D06812511F15B002E488F /* PBXContainerItemProxy */;
			sourceTree = BUILT_PRODUCTS_DIR;
		};
		009D06842511F15B002E488F /* ResearchKitTests.xctest */ = {
			isa = PBXReferenceProxy;
			fileType = wrapper.cfbundle;
			path = ResearchKitTests.xctest;
			remoteRef = 009D06832511F15B002E488F /* PBXContainerItemProxy */;
			sourceTree = BUILT_PRODUCTS_DIR;
		};
/* End PBXReferenceProxy section */

/* Begin PBXResourcesBuildPhase section */
		0070DFE424B0060400E71F46 /* Resources */ = {
			isa = PBXResourcesBuildPhase;
			buildActionMask = 2147483647;
			files = (
				00B6306324FB26A8008975CE /* GameHistoryTimeline.storyboard in Resources */,
				0071E91E251FF6F50025702E /* SignInViewController.storyboard in Resources */,
				0070DFF624B0060500E71F46 /* LaunchScreen.storyboard in Resources */,
				005856BC24D91C4A0010BE55 /* GoogleService-Info.plist in Resources */,
				00C89D0C253673BB0078E328 /* github-markdown.css in Resources */,
				0070DFF324B0060500E71F46 /* Assets.xcassets in Resources */,
				0070DFF124B0060400E71F46 /* Main.storyboard in Resources */,
				00D9F5162506DEDF00898DFA /* PreviewDetailViewController.storyboard in Resources */,
				00B0A67A24E3CF9600887701 /* ProfileHeaderView.xib in Resources */,
			);
			runOnlyForDeploymentPostprocessing = 0;
		};
		0070DFFA24B0060500E71F46 /* Resources */ = {
			isa = PBXResourcesBuildPhase;
			buildActionMask = 2147483647;
			files = (
			);
			runOnlyForDeploymentPostprocessing = 0;
		};
/* End PBXResourcesBuildPhase section */

/* Begin PBXShellScriptBuildPhase section */
		006EB049253BA63E00FE5D8A /* Set Bundle Build Version to date */ = {
			isa = PBXShellScriptBuildPhase;
			buildActionMask = 2147483647;
			files = (
			);
			inputFileListPaths = (
			);
			inputPaths = (
			);
			name = "Set Bundle Build Version to date";
			outputFileListPaths = (
			);
			outputPaths = (
			);
			runOnlyForDeploymentPostprocessing = 0;
			shellPath = /bin/sh;
			shellScript = "# Type a script or drag a script file from your workspace to insert its path.\nformatDate=$(date \"+%y%m%d\")\nbuildNumber=\"${formatDate}\"\n/usr/libexec/PlistBuddy -c \"Set :CFBundleVersion $buildNumber\" \"$INFOPLIST_FILE\"\n";
		};
		0070E00B24B0066B00E71F46 /* SwiftLint */ = {
			isa = PBXShellScriptBuildPhase;
			buildActionMask = 2147483647;
			files = (
			);
			inputFileListPaths = (
			);
			inputPaths = (
			);
			name = SwiftLint;
			outputFileListPaths = (
			);
			outputPaths = (
			);
			runOnlyForDeploymentPostprocessing = 0;
			shellPath = /bin/sh;
			shellScript = "# Type a script or drag a script file from your workspace to insert its path.\nif which swiftlint >/dev/null; then\n  swiftlint\nelse\n  echo \"warning: SwiftLint not installed, download from https://github.com/realm/SwiftLint\"\nfi\n";
		};
/* End PBXShellScriptBuildPhase section */

/* Begin PBXSourcesBuildPhase section */
		0070DFE224B0060400E71F46 /* Sources */ = {
			isa = PBXSourcesBuildPhase;
			buildActionMask = 2147483647;
			files = (
				005856CE24D92FB60010BE55 /* ChatUser.swift in Sources */,
				00D0862324CD192800FB7A20 /* OnboardingViewController.swift in Sources */,
				005856C624D92D320010BE55 /* DatabaseRepresentation.swift in Sources */,
				00B6306124FB1A05008975CE /* GameHistory.swift in Sources */,
				005856C024D924970010BE55 /* Message.swift in Sources */,
				00CF5DC124F4DD0200B501BB /* MultipleChoiceQuestion.swift in Sources */,
				005308D125168D84002A429F /* FirebaseConstants.swift in Sources */,
				0020D55024DFAED000DB20E1 /* GameOfGroup.swift in Sources */,
				00D9F5132506DDC900898DFA /* PreviewDetailViewController.swift in Sources */,
				0020D56724E263C600DB20E1 /* MatchingViewController.swift in Sources */,
				003CD27A250EE08100BD082E /* JigsawPiece.swift in Sources */,
				00BA555B24DA5D2A006A207E /* UICollectionView.swift in Sources */,
				005856BE24D923630010BE55 /* ChatViewController.swift in Sources */,
				00B0A68124E3DB7300887701 /* String+sha256.swift in Sources */,
				0020D56A24E267B300DB20E1 /* GameCollectionCell.swift in Sources */,
				00CF5DC324F4DD2F00B501BB /* NumericQuestion.swift in Sources */,
				00E8BA7B25380B0600863F7D /* TeamRankingsViewController.swift in Sources */,
				00CF5DC724F4DE4000B501BB /* BooleanQuestion.swift in Sources */,
				00E8BA8625382C4E00863F7D /* ContinuousScaleQuestion.swift in Sources */,
				005856C924D92E480010BE55 /* UIImage.swift in Sources */,
				0070DFEE24B0060400E71F46 /* HomeCollectionViewController.swift in Sources */,
				00D0862724CD2D9A00FB7A20 /* GameViewController.swift in Sources */,
				00CF673A24E9E2BC00C502F3 /* PlayersQueue.swift in Sources */,
				004A4B0D24FDB55A000FA2C8 /* FormViewController+insetGrouped.swift in Sources */,
				006089B425368EF500430707 /* DoorCollectionCell.swift in Sources */,
				0047630624ED1154007767A5 /* GameCategory.swift in Sources */,
				00BA555D24DA7CF7006A207E /* Gender.swift in Sources */,
				00E8BA562536DEF900863F7D /* AppConstants.swift in Sources */,
				007FC9542536202B00D8D9A1 /* RoomProgressViewController.swift in Sources */,
				00B2AB7024DA5B3100607346 /* UIColor.swift in Sources */,
				00CF5DC924F4DE9900B501BB /* InstructionQuestion.swift in Sources */,
				000D80A024ECEE990070041D /* Ethnicity.swift in Sources */,
				00F6302224EE385E00BCAD11 /* AnswerCategory.swift in Sources */,
				00F2197E24CCF9A200B72858 /* ProfileViewController.swift in Sources */,
				00A8831525292D4E00186BED /* GameCenterHelper.swift in Sources */,
				00F029D4251FF25700CB2A15 /* SignInViewController.swift in Sources */,
				005308E12516F65F002A429F /* GameError.swift in Sources */,
				006EB0AD253C217B00FE5D8A /* ConfettiView.swift in Sources */,
				0071E920252003880025702E /* AppInfo.swift in Sources */,
				005856C424D92CFB0010BE55 /* Chatroom.swift in Sources */,
				00B6305F24FB0247008975CE /* GameResult.swift in Sources */,
				00B0A67424E3CAA800887701 /* DemographicsViewController.swift in Sources */,
				00D0862524CD24EA00FB7A20 /* OnboardingSteps.swift in Sources */,
				003CD27C250EEC0D00BD082E /* AgeGroup.swift in Sources */,
				000D809D24ECEDBA0070041D /* EducationLevel.swift in Sources */,
				0070DFEA24B0060400E71F46 /* AppDelegate.swift in Sources */,
				00E6A86E2533C828000D54B3 /* String+toEmojiImage.swift in Sources */,
				00CF5DC524F4DDA500B501BB /* ScaleQuestion.swift in Sources */,
				00CDFF1624B44F4C009C789D /* QuestionStepsModel.swift in Sources */,
				0047630424ED10FE007767A5 /* QuestionEssentialProperty.swift in Sources */,
				00B6306524FB285B008975CE /* GameHistoryTimelineTableViewController.swift in Sources */,
				00E8BA752537E94F00863F7D /* TeamRanking.swift in Sources */,
				0078315224DF557800B35A98 /* Player.swift in Sources */,
				0020D54924DF79CB00DB20E1 /* GameStore.swift in Sources */,
				0071E9232520161F0025702E /* FirebaseHelper.swift in Sources */,
				00E8BA502536D8B100863F7D /* NSAttributedString+DarkMode.swift in Sources */,
				00A8832B2529747100186BED /* GameCenterConstants.swift in Sources */,
				00CDFF1224B44797009C789D /* UIViewController.swift in Sources */,
				0051950F24E9CDD4008F1CE0 /* QuestionType.swift in Sources */,
				0070DFEC24B0060400E71F46 /* SceneDelegate.swift in Sources */,
				0000321125130A85004681AF /* CategoryViewController.swift in Sources */,
				0020D54B24DF7A0D00DB20E1 /* Game.swift in Sources */,
				00F2197C24CCF99800B72858 /* MetricsViewController.swift in Sources */,
				00B0A67C24E3D10300887701 /* ProfileHeaderView.swift in Sources */,
				005856C224D9262C0010BE55 /* Profiles.swift in Sources */,
				00CDFF0D24B4353E009C789D /* Questionnaire.swift in Sources */,
				00CF5DBF24F4DB3C00B501BB /* SingleChoiceQuestion.swift in Sources */,
				00D0861F24CD135B00FB7A20 /* RootTabBarController.swift in Sources */,
				00A06D8D24E8A9B400030649 /* GameGroup.swift in Sources */,
				003CD27E250EF96B00BD082E /* CaseReverseInit.swift in Sources */,
			);
			runOnlyForDeploymentPostprocessing = 0;
		};
		0070DFF824B0060500E71F46 /* Sources */ = {
			isa = PBXSourcesBuildPhase;
			buildActionMask = 2147483647;
			files = (
				0070E00124B0060500E71F46 /* JigsawTests.swift in Sources */,
			);
			runOnlyForDeploymentPostprocessing = 0;
		};
/* End PBXSourcesBuildPhase section */

/* Begin PBXTargetDependency section */
		0070DFFE24B0060500E71F46 /* PBXTargetDependency */ = {
			isa = PBXTargetDependency;
			target = 0070DFE524B0060400E71F46 /* Jigsaw */;
			targetProxy = 0070DFFD24B0060500E71F46 /* PBXContainerItemProxy */;
		};
/* End PBXTargetDependency section */

/* Begin PBXVariantGroup section */
		0070DFEF24B0060400E71F46 /* Main.storyboard */ = {
			isa = PBXVariantGroup;
			children = (
				0070DFF024B0060400E71F46 /* Base */,
			);
			name = Main.storyboard;
			sourceTree = "<group>";
		};
		0070DFF424B0060500E71F46 /* LaunchScreen.storyboard */ = {
			isa = PBXVariantGroup;
			children = (
				0070DFF524B0060500E71F46 /* Base */,
			);
			name = LaunchScreen.storyboard;
			sourceTree = "<group>";
		};
/* End PBXVariantGroup section */

/* Begin XCBuildConfiguration section */
		0070E00324B0060500E71F46 /* Debug */ = {
			isa = XCBuildConfiguration;
			buildSettings = {
				ALWAYS_SEARCH_USER_PATHS = NO;
				CLANG_ANALYZER_NONNULL = YES;
				CLANG_ANALYZER_NUMBER_OBJECT_CONVERSION = YES_AGGRESSIVE;
				CLANG_CXX_LANGUAGE_STANDARD = "gnu++14";
				CLANG_CXX_LIBRARY = "libc++";
				CLANG_ENABLE_MODULES = YES;
				CLANG_ENABLE_OBJC_ARC = YES;
				CLANG_ENABLE_OBJC_WEAK = YES;
				CLANG_WARN_BLOCK_CAPTURE_AUTORELEASING = YES;
				CLANG_WARN_BOOL_CONVERSION = YES;
				CLANG_WARN_COMMA = YES;
				CLANG_WARN_CONSTANT_CONVERSION = YES;
				CLANG_WARN_DEPRECATED_OBJC_IMPLEMENTATIONS = YES;
				CLANG_WARN_DIRECT_OBJC_ISA_USAGE = YES_ERROR;
				CLANG_WARN_DOCUMENTATION_COMMENTS = YES;
				CLANG_WARN_EMPTY_BODY = YES;
				CLANG_WARN_ENUM_CONVERSION = YES;
				CLANG_WARN_INFINITE_RECURSION = YES;
				CLANG_WARN_INT_CONVERSION = YES;
				CLANG_WARN_NON_LITERAL_NULL_CONVERSION = YES;
				CLANG_WARN_OBJC_IMPLICIT_RETAIN_SELF = YES;
				CLANG_WARN_OBJC_LITERAL_CONVERSION = YES;
				CLANG_WARN_OBJC_ROOT_CLASS = YES_ERROR;
				CLANG_WARN_QUOTED_INCLUDE_IN_FRAMEWORK_HEADER = YES;
				CLANG_WARN_RANGE_LOOP_ANALYSIS = YES;
				CLANG_WARN_STRICT_PROTOTYPES = YES;
				CLANG_WARN_SUSPICIOUS_MOVE = YES;
				CLANG_WARN_UNGUARDED_AVAILABILITY = YES_AGGRESSIVE;
				CLANG_WARN_UNREACHABLE_CODE = YES;
				CLANG_WARN__DUPLICATE_METHOD_MATCH = YES;
				COPY_PHASE_STRIP = NO;
				DEBUG_INFORMATION_FORMAT = dwarf;
				ENABLE_STRICT_OBJC_MSGSEND = YES;
				ENABLE_TESTABILITY = YES;
				GCC_C_LANGUAGE_STANDARD = gnu11;
				GCC_DYNAMIC_NO_PIC = NO;
				GCC_NO_COMMON_BLOCKS = YES;
				GCC_OPTIMIZATION_LEVEL = 0;
				GCC_PREPROCESSOR_DEFINITIONS = (
					"DEBUG=1",
					"$(inherited)",
				);
				GCC_WARN_64_TO_32_BIT_CONVERSION = YES;
				GCC_WARN_ABOUT_RETURN_TYPE = YES_ERROR;
				GCC_WARN_UNDECLARED_SELECTOR = YES;
				GCC_WARN_UNINITIALIZED_AUTOS = YES_AGGRESSIVE;
				GCC_WARN_UNUSED_FUNCTION = YES;
				GCC_WARN_UNUSED_VARIABLE = YES;
				IPHONEOS_DEPLOYMENT_TARGET = 15.0;
				MTL_ENABLE_DEBUG_INFO = INCLUDE_SOURCE;
				MTL_FAST_MATH = YES;
				ONLY_ACTIVE_ARCH = YES;
				SDKROOT = iphoneos;
				SWIFT_ACTIVE_COMPILATION_CONDITIONS = DEBUG;
				SWIFT_OPTIMIZATION_LEVEL = "-Onone";
			};
			name = Debug;
		};
		0070E00424B0060500E71F46 /* Release */ = {
			isa = XCBuildConfiguration;
			buildSettings = {
				ALWAYS_SEARCH_USER_PATHS = NO;
				CLANG_ANALYZER_NONNULL = YES;
				CLANG_ANALYZER_NUMBER_OBJECT_CONVERSION = YES_AGGRESSIVE;
				CLANG_CXX_LANGUAGE_STANDARD = "gnu++14";
				CLANG_CXX_LIBRARY = "libc++";
				CLANG_ENABLE_MODULES = YES;
				CLANG_ENABLE_OBJC_ARC = YES;
				CLANG_ENABLE_OBJC_WEAK = YES;
				CLANG_WARN_BLOCK_CAPTURE_AUTORELEASING = YES;
				CLANG_WARN_BOOL_CONVERSION = YES;
				CLANG_WARN_COMMA = YES;
				CLANG_WARN_CONSTANT_CONVERSION = YES;
				CLANG_WARN_DEPRECATED_OBJC_IMPLEMENTATIONS = YES;
				CLANG_WARN_DIRECT_OBJC_ISA_USAGE = YES_ERROR;
				CLANG_WARN_DOCUMENTATION_COMMENTS = YES;
				CLANG_WARN_EMPTY_BODY = YES;
				CLANG_WARN_ENUM_CONVERSION = YES;
				CLANG_WARN_INFINITE_RECURSION = YES;
				CLANG_WARN_INT_CONVERSION = YES;
				CLANG_WARN_NON_LITERAL_NULL_CONVERSION = YES;
				CLANG_WARN_OBJC_IMPLICIT_RETAIN_SELF = YES;
				CLANG_WARN_OBJC_LITERAL_CONVERSION = YES;
				CLANG_WARN_OBJC_ROOT_CLASS = YES_ERROR;
				CLANG_WARN_QUOTED_INCLUDE_IN_FRAMEWORK_HEADER = YES;
				CLANG_WARN_RANGE_LOOP_ANALYSIS = YES;
				CLANG_WARN_STRICT_PROTOTYPES = YES;
				CLANG_WARN_SUSPICIOUS_MOVE = YES;
				CLANG_WARN_UNGUARDED_AVAILABILITY = YES_AGGRESSIVE;
				CLANG_WARN_UNREACHABLE_CODE = YES;
				CLANG_WARN__DUPLICATE_METHOD_MATCH = YES;
				COPY_PHASE_STRIP = NO;
				DEBUG_INFORMATION_FORMAT = "dwarf-with-dsym";
				ENABLE_NS_ASSERTIONS = NO;
				ENABLE_STRICT_OBJC_MSGSEND = YES;
				GCC_C_LANGUAGE_STANDARD = gnu11;
				GCC_NO_COMMON_BLOCKS = YES;
				GCC_WARN_64_TO_32_BIT_CONVERSION = YES;
				GCC_WARN_ABOUT_RETURN_TYPE = YES_ERROR;
				GCC_WARN_UNDECLARED_SELECTOR = YES;
				GCC_WARN_UNINITIALIZED_AUTOS = YES_AGGRESSIVE;
				GCC_WARN_UNUSED_FUNCTION = YES;
				GCC_WARN_UNUSED_VARIABLE = YES;
				IPHONEOS_DEPLOYMENT_TARGET = 15.0;
				MTL_ENABLE_DEBUG_INFO = NO;
				MTL_FAST_MATH = YES;
				SDKROOT = iphoneos;
				SWIFT_COMPILATION_MODE = wholemodule;
				SWIFT_OPTIMIZATION_LEVEL = "-O";
				VALIDATE_PRODUCT = YES;
			};
			name = Release;
		};
		0070E00624B0060500E71F46 /* Debug */ = {
			isa = XCBuildConfiguration;
			buildSettings = {
				ASSETCATALOG_COMPILER_APPICON_NAME = AppIcon;
				CODE_SIGN_ENTITLEMENTS = Jigsaw/Jigsaw.entitlements;
				CODE_SIGN_IDENTITY = "Apple Development";
				CODE_SIGN_STYLE = Automatic;
				CURRENT_PROJECT_VERSION = 1;
				DEVELOPMENT_TEAM = 43ZU6ZW5A6;
				FRAMEWORK_SEARCH_PATHS = (
					"$(inherited)",
					"$(PROJECT_DIR)/Pods",
				);
				INFOPLIST_FILE = Jigsaw/Info.plist;
				IPHONEOS_DEPLOYMENT_TARGET = 14.0;
				LD_RUNPATH_SEARCH_PATHS = (
					"$(inherited)",
					"@executable_path/Frameworks",
				);
				PRODUCT_BUNDLE_IDENTIFIER = edu.duke.mobilecenter.Jigsaw;
				PRODUCT_NAME = "$(TARGET_NAME)";
				PROVISIONING_PROFILE_SPECIFIER = "";
				SWIFT_VERSION = 4.0;
				TARGETED_DEVICE_FAMILY = 1;
			};
			name = Debug;
		};
		0070E00724B0060500E71F46 /* Release */ = {
			isa = XCBuildConfiguration;
			buildSettings = {
				ASSETCATALOG_COMPILER_APPICON_NAME = AppIcon;
				CODE_SIGN_ENTITLEMENTS = Jigsaw/Jigsaw.entitlements;
				CODE_SIGN_IDENTITY = "Apple Development";
				CODE_SIGN_STYLE = Automatic;
				CURRENT_PROJECT_VERSION = 1;
				DEVELOPMENT_TEAM = 43ZU6ZW5A6;
				FRAMEWORK_SEARCH_PATHS = (
					"$(inherited)",
					"$(PROJECT_DIR)/Pods",
				);
				INFOPLIST_FILE = Jigsaw/Info.plist;
				IPHONEOS_DEPLOYMENT_TARGET = 14.0;
				LD_RUNPATH_SEARCH_PATHS = (
					"$(inherited)",
					"@executable_path/Frameworks",
				);
				PRODUCT_BUNDLE_IDENTIFIER = edu.duke.mobilecenter.Jigsaw;
				PRODUCT_NAME = "$(TARGET_NAME)";
				PROVISIONING_PROFILE_SPECIFIER = "";
				SWIFT_VERSION = 4.0;
				TARGETED_DEVICE_FAMILY = 1;
			};
			name = Release;
		};
		0070E00924B0060500E71F46 /* Debug */ = {
			isa = XCBuildConfiguration;
			buildSettings = {
				ALWAYS_EMBED_SWIFT_STANDARD_LIBRARIES = YES;
				BUNDLE_LOADER = "$(TEST_HOST)";
				CODE_SIGN_STYLE = Automatic;
				INFOPLIST_FILE = JigsawTests/Info.plist;
				IPHONEOS_DEPLOYMENT_TARGET = 13.5;
				LD_RUNPATH_SEARCH_PATHS = (
					"$(inherited)",
					"@executable_path/Frameworks",
					"@loader_path/Frameworks",
				);
				PRODUCT_BUNDLE_IDENTIFIER = edu.duke.mobilecenter.JigsawTests;
				PRODUCT_NAME = "$(TARGET_NAME)";
				SWIFT_VERSION = 5.0;
				TARGETED_DEVICE_FAMILY = "1,2";
				TEST_HOST = "$(BUILT_PRODUCTS_DIR)/Jigsaw.app/Jigsaw";
			};
			name = Debug;
		};
		0070E00A24B0060500E71F46 /* Release */ = {
			isa = XCBuildConfiguration;
			buildSettings = {
				ALWAYS_EMBED_SWIFT_STANDARD_LIBRARIES = YES;
				BUNDLE_LOADER = "$(TEST_HOST)";
				CODE_SIGN_STYLE = Automatic;
				INFOPLIST_FILE = JigsawTests/Info.plist;
				IPHONEOS_DEPLOYMENT_TARGET = 13.5;
				LD_RUNPATH_SEARCH_PATHS = (
					"$(inherited)",
					"@executable_path/Frameworks",
					"@loader_path/Frameworks",
				);
				PRODUCT_BUNDLE_IDENTIFIER = edu.duke.mobilecenter.JigsawTests;
				PRODUCT_NAME = "$(TARGET_NAME)";
				SWIFT_VERSION = 5.0;
				TARGETED_DEVICE_FAMILY = "1,2";
				TEST_HOST = "$(BUILT_PRODUCTS_DIR)/Jigsaw.app/Jigsaw";
			};
			name = Release;
		};
/* End XCBuildConfiguration section */

/* Begin XCConfigurationList section */
		0070DFE124B0060400E71F46 /* Build configuration list for PBXProject "Jigsaw" */ = {
			isa = XCConfigurationList;
			buildConfigurations = (
				0070E00324B0060500E71F46 /* Debug */,
				0070E00424B0060500E71F46 /* Release */,
			);
			defaultConfigurationIsVisible = 0;
			defaultConfigurationName = Release;
		};
		0070E00524B0060500E71F46 /* Build configuration list for PBXNativeTarget "Jigsaw" */ = {
			isa = XCConfigurationList;
			buildConfigurations = (
				0070E00624B0060500E71F46 /* Debug */,
				0070E00724B0060500E71F46 /* Release */,
			);
			defaultConfigurationIsVisible = 0;
			defaultConfigurationName = Release;
		};
		0070E00824B0060500E71F46 /* Build configuration list for PBXNativeTarget "JigsawTests" */ = {
			isa = XCConfigurationList;
			buildConfigurations = (
				0070E00924B0060500E71F46 /* Debug */,
				0070E00A24B0060500E71F46 /* Release */,
			);
			defaultConfigurationIsVisible = 0;
			defaultConfigurationName = Release;
		};
/* End XCConfigurationList section */

/* Begin XCRemoteSwiftPackageReference section */
		00D6457F2740CD2300582198 /* XCRemoteSwiftPackageReference "Agrume" */ = {
			isa = XCRemoteSwiftPackageReference;
			repositoryURL = "https://github.com/JanGorman/Agrume";
			requirement = {
				kind = upToNextMinorVersion;
				minimumVersion = 5.8.0;
			};
		};
		00D645822740CDD800582198 /* XCRemoteSwiftPackageReference "Down" */ = {
			isa = XCRemoteSwiftPackageReference;
			repositoryURL = "https://github.com/johnxnguyen/Down";
			requirement = {
				kind = upToNextMinorVersion;
				minimumVersion = 0.11.0;
			};
		};
		00D645852740CE2B00582198 /* XCRemoteSwiftPackageReference "Yams" */ = {
			isa = XCRemoteSwiftPackageReference;
			repositoryURL = "https://github.com/jpsim/Yams";
			requirement = {
				kind = upToNextMinorVersion;
				minimumVersion = 4.0.6;
			};
		};
		00D645882740D0EB00582198 /* XCRemoteSwiftPackageReference "Charts" */ = {
			isa = XCRemoteSwiftPackageReference;
			repositoryURL = "https://github.com/danielgindi/Charts";
			requirement = {
				kind = upToNextMinorVersion;
				minimumVersion = 4.0.1;
			};
		};
		00D6458B2740D1EC00582198 /* XCRemoteSwiftPackageReference "ProgressHUD" */ = {
			isa = XCRemoteSwiftPackageReference;
			repositoryURL = "https://github.com/relatedcode/ProgressHUD";
			requirement = {
				branch = master;
				kind = branch;
			};
		};
		00D6458E2740D28C00582198 /* XCRemoteSwiftPackageReference "Eureka" */ = {
			isa = XCRemoteSwiftPackageReference;
			repositoryURL = "https://github.com/xmartlabs/Eureka";
			requirement = {
				kind = upToNextMinorVersion;
				minimumVersion = 5.3.0;
			};
		};
		00D645912740D2D800582198 /* XCRemoteSwiftPackageReference "ViewRow" */ = {
			isa = XCRemoteSwiftPackageReference;
			repositoryURL = "https://github.com/EurekaCommunity/ViewRow";
			requirement = {
				kind = upToNextMinorVersion;
				minimumVersion = 0.9.0;
			};
		};
		00D645942740D32A00582198 /* XCRemoteSwiftPackageReference "PINRemoteImage" */ = {
			isa = XCRemoteSwiftPackageReference;
			repositoryURL = "https://github.com/pinterest/PINRemoteImage";
			requirement = {
				kind = upToNextMajorVersion;
				minimumVersion = 3.0.0;
			};
		};
		00D645972740D36700582198 /* XCRemoteSwiftPackageReference "MessageKit" */ = {
			isa = XCRemoteSwiftPackageReference;
			repositoryURL = "https://github.com/MessageKit/MessageKit";
			requirement = {
				kind = upToNextMinorVersion;
				minimumVersion = 3.7.0;
			};
		};
		00D6459A2740D50700582198 /* XCRemoteSwiftPackageReference "firebase-ios-sdk" */ = {
			isa = XCRemoteSwiftPackageReference;
			repositoryURL = "https://github.com/firebase/firebase-ios-sdk";
			requirement = {
				kind = upToNextMinorVersion;
				minimumVersion = 8.9.1;
			};
		};
		00D645A72740D73E00582198 /* XCRemoteSwiftPackageReference "FirebaseUI-iOS" */ = {
			isa = XCRemoteSwiftPackageReference;
			repositoryURL = "https://github.com/firebase/FirebaseUI-iOS";
			requirement = {
				kind = upToNextMinorVersion;
				minimumVersion = 11.1.3;
			};
		};
/* End XCRemoteSwiftPackageReference section */

/* Begin XCSwiftPackageProductDependency section */
		00D645802740CD2300582198 /* Agrume */ = {
			isa = XCSwiftPackageProductDependency;
			package = 00D6457F2740CD2300582198 /* XCRemoteSwiftPackageReference "Agrume" */;
			productName = Agrume;
		};
		00D645832740CDD800582198 /* Down */ = {
			isa = XCSwiftPackageProductDependency;
			package = 00D645822740CDD800582198 /* XCRemoteSwiftPackageReference "Down" */;
			productName = Down;
		};
		00D645862740CE2B00582198 /* Yams */ = {
			isa = XCSwiftPackageProductDependency;
			package = 00D645852740CE2B00582198 /* XCRemoteSwiftPackageReference "Yams" */;
			productName = Yams;
		};
		00D645892740D0EB00582198 /* Charts */ = {
			isa = XCSwiftPackageProductDependency;
			package = 00D645882740D0EB00582198 /* XCRemoteSwiftPackageReference "Charts" */;
			productName = Charts;
		};
		00D6458C2740D1EC00582198 /* ProgressHUD */ = {
			isa = XCSwiftPackageProductDependency;
			package = 00D6458B2740D1EC00582198 /* XCRemoteSwiftPackageReference "ProgressHUD" */;
			productName = ProgressHUD;
		};
		00D6458F2740D28C00582198 /* Eureka */ = {
			isa = XCSwiftPackageProductDependency;
			package = 00D6458E2740D28C00582198 /* XCRemoteSwiftPackageReference "Eureka" */;
			productName = Eureka;
		};
		00D645922740D2D800582198 /* ViewRow */ = {
			isa = XCSwiftPackageProductDependency;
			package = 00D645912740D2D800582198 /* XCRemoteSwiftPackageReference "ViewRow" */;
			productName = ViewRow;
		};
		00D645952740D32A00582198 /* PINRemoteImage */ = {
			isa = XCSwiftPackageProductDependency;
			package = 00D645942740D32A00582198 /* XCRemoteSwiftPackageReference "PINRemoteImage" */;
			productName = PINRemoteImage;
		};
		00D645982740D36700582198 /* MessageKit */ = {
			isa = XCSwiftPackageProductDependency;
			package = 00D645972740D36700582198 /* XCRemoteSwiftPackageReference "MessageKit" */;
			productName = MessageKit;
		};
		00D6459B2740D50700582198 /* FirebaseAuth */ = {
			isa = XCSwiftPackageProductDependency;
			package = 00D6459A2740D50700582198 /* XCRemoteSwiftPackageReference "firebase-ios-sdk" */;
			productName = FirebaseAuth;
		};
		00D6459D2740D50700582198 /* FirebaseDatabase */ = {
			isa = XCSwiftPackageProductDependency;
			package = 00D6459A2740D50700582198 /* XCRemoteSwiftPackageReference "firebase-ios-sdk" */;
			productName = FirebaseDatabase;
		};
		00D6459F2740D50700582198 /* FirebaseFirestore */ = {
			isa = XCSwiftPackageProductDependency;
			package = 00D6459A2740D50700582198 /* XCRemoteSwiftPackageReference "firebase-ios-sdk" */;
			productName = FirebaseFirestore;
		};
		00D645A12740D50700582198 /* FirebaseFirestoreSwift-Beta */ = {
			isa = XCSwiftPackageProductDependency;
			package = 00D6459A2740D50700582198 /* XCRemoteSwiftPackageReference "firebase-ios-sdk" */;
			productName = "FirebaseFirestoreSwift-Beta";
		};
		00D645A32740D50700582198 /* FirebaseFunctions */ = {
			isa = XCSwiftPackageProductDependency;
			package = 00D6459A2740D50700582198 /* XCRemoteSwiftPackageReference "firebase-ios-sdk" */;
			productName = FirebaseFunctions;
		};
		00D645A52740D50700582198 /* FirebaseStorage */ = {
			isa = XCSwiftPackageProductDependency;
			package = 00D6459A2740D50700582198 /* XCRemoteSwiftPackageReference "firebase-ios-sdk" */;
			productName = FirebaseStorage;
		};
		00D645A82740D73E00582198 /* FirebaseAnonymousAuthUI */ = {
			isa = XCSwiftPackageProductDependency;
			package = 00D645A72740D73E00582198 /* XCRemoteSwiftPackageReference "FirebaseUI-iOS" */;
			productName = FirebaseAnonymousAuthUI;
		};
		00D645AA2740D73E00582198 /* FirebaseAuthUI */ = {
			isa = XCSwiftPackageProductDependency;
			package = 00D645A72740D73E00582198 /* XCRemoteSwiftPackageReference "FirebaseUI-iOS" */;
			productName = FirebaseAuthUI;
		};
		00D645AC2740D73E00582198 /* FirebaseEmailAuthUI */ = {
			isa = XCSwiftPackageProductDependency;
			package = 00D645A72740D73E00582198 /* XCRemoteSwiftPackageReference "FirebaseUI-iOS" */;
			productName = FirebaseEmailAuthUI;
		};
		00D645AE2740D73E00582198 /* FirebaseGoogleAuthUI */ = {
			isa = XCSwiftPackageProductDependency;
			package = 00D645A72740D73E00582198 /* XCRemoteSwiftPackageReference "FirebaseUI-iOS" */;
			productName = FirebaseGoogleAuthUI;
		};
		00D645B02740D73E00582198 /* FirebaseOAuthUI */ = {
			isa = XCSwiftPackageProductDependency;
			package = 00D645A72740D73E00582198 /* XCRemoteSwiftPackageReference "FirebaseUI-iOS" */;
			productName = FirebaseOAuthUI;
		};
/* End XCSwiftPackageProductDependency section */
	};
	rootObject = 0070DFDE24B0060400E71F46 /* Project object */;
}
